
Microsoft Visual Studio Solution File, Format Version 12.00
# Visual Studio 15
VisualStudioVersion = 15.0.28307.271
MinimumVisualStudioVersion = 10.0.40219.1
Project("{9A19103F-16F7-4668-BE54-9A1E7A4F7556}") = "Tms.Web", "Tms.Web\Tms.Web.csproj", "{AD19A02C-95F5-4C1C-BCC5-42E8C73CA0D9}"
EndProject
Project("{9A19103F-16F7-4668-BE54-9A1E7A4F7556}") = "Tms.ApplicationCore", "Tms.ApplicationCore\Tms.ApplicationCore.csproj", "{696965AC-A273-4A3E-880F-03D93A37AC03}"
EndProject
Project("{9A19103F-16F7-4668-BE54-9A1E7A4F7556}") = "Tms.Infrastructure", "Tms.Infrastructure\Tms.Infrastructure.csproj", "{471AF665-22B2-4017-9BC5-8D8A66593A60}"
EndProject
Global
	GlobalSection(SolutionConfigurationPlatforms) = preSolution
		Debug|Any CPU = Debug|Any CPU
		Release|Any CPU = Release|Any CPU
	EndGlobalSection
	GlobalSection(ProjectConfigurationPlatforms) = postSolution
		{AD19A02C-95F5-4C1C-BCC5-42E8C73CA0D9}.Debug|Any CPU.ActiveCfg = Debug|Any CPU
		{AD19A02C-95F5-4C1C-BCC5-42E8C73CA0D9}.Debug|Any CPU.Build.0 = Debug|Any CPU
		{AD19A02C-95F5-4C1C-BCC5-42E8C73CA0D9}.Release|Any CPU.ActiveCfg = Release|Any CPU
		{AD19A02C-95F5-4C1C-BCC5-42E8C73CA0D9}.Release|Any CPU.Build.0 = Release|Any CPU
		{696965AC-A273-4A3E-880F-03D93A37AC03}.Debug|Any CPU.ActiveCfg = Debug|Any CPU
		{696965AC-A273-4A3E-880F-03D93A37AC03}.Debug|Any CPU.Build.0 = Debug|Any CPU
		{696965AC-A273-4A3E-880F-03D93A37AC03}.Release|Any CPU.ActiveCfg = Release|Any CPU
		{696965AC-A273-4A3E-880F-03D93A37AC03}.Release|Any CPU.Build.0 = Release|Any CPU
		{471AF665-22B2-4017-9BC5-8D8A66593A60}.Debug|Any CPU.ActiveCfg = Debug|Any CPU
		{471AF665-22B2-4017-9BC5-8D8A66593A60}.Debug|Any CPU.Build.0 = Debug|Any CPU
		{471AF665-22B2-4017-9BC5-8D8A66593A60}.Release|Any CPU.ActiveCfg = Release|Any CPU
		{471AF665-22B2-4017-9BC5-8D8A66593A60}.Release|Any CPU.Build.0 = Release|Any CPU
	EndGlobalSection
	GlobalSection(SolutionProperties) = preSolution
		HideSolutionNode = FALSE
	EndGlobalSection
	GlobalSection(ExtensibilityGlobals) = postSolution
		SolutionGuid = {55CD3502-56E9-4ABA-B137-D155B23609BC}
	EndGlobalSection
EndGlobal
